{
  "name": "Repositório Pessoal",
  "lockfileVersion": 3,
  "requires": true,
  "packages": {
    "": {
      "dependencies": {
        "slick-carousel": "^1.8.1"
      },
      "devDependencies": {
        "@types/jquery": "^3.5.19",
        "@types/slick-carousel": "^1.6.38"
      }
    },
    "node_modules/@types/jquery": {
      "version": "3.5.19",
      "resolved": "https://registry.npmjs.org/@types/jquery/-/jquery-3.5.19.tgz",
      "integrity": "sha512-KFbmk+dXfphHGuVCmlopgcNRCegN/21mkeoD4BzuJhVH0SJW3Uo2mLuAwb6oqTNV79EsRp6J7yC1BbKymjpx/g==",
      "dev": true,
      "dependencies": {
        "@types/sizzle": "*"
      }
    },
    "node_modules/@types/sizzle": {
      "version": "2.3.4",
      "resolved": "https://registry.npmjs.org/@types/sizzle/-/sizzle-2.3.4.tgz",
      "integrity": "sha512-jA2llq2zNkg8HrALI7DtWzhALcVH0l7i89yhY3iBdOz6cBPeACoFq+fkQrjHA39t1hnSFOboZ7A/AY5MMZSlag==",
      "dev": true
    },
    "node_modules/@types/slick-carousel": {
      "version": "1.6.38",
      "resolved": "https://registry.npmjs.org/@types/slick-carousel/-/slick-carousel-1.6.38.tgz",
      "integrity": "sha512-0z8dktjcDU4o3g+3N9NBBkUBv3OV+U2lZliwKP1cHAoT7FFFG3ecWmAvfzdGQmbxqvWwTNfca5wu8u6lX6Tewg==",
      "dev": true,
      "dependencies": {
        "@types/jquery": "*"
      }
    },
    "node_modules/jquery": {
      "version": "3.7.1",
      "resolved": "https://registry.npmjs.org/jquery/-/jquery-3.7.1.tgz",
      "integrity": "sha512-m4avr8yL8kmFN8psrbFFFmB/If14iN5o9nw/NgnnM+kybDJpRsAynV2BsfpTYrTRysYUdADVD7CkUUizgkpLfg==",
      "peer": true
    },
    "node_modules/slick-carousel": {
      "version": "1.8.1",
      "resolved": "https://registry.npmjs.org/slick-carousel/-/slick-carousel-1.8.1.tgz",
      "integrity": "sha512-XB9Ftrf2EEKfzoQXt3Nitrt/IPbT+f1fgqBdoxO3W/+JYvtEOW6EgxnWfr9GH6nmULv7Y2tPmEX3koxThVmebA==",
      "peerDependencies": {
        "jquery": ">=1.8.0"
      }
    }
  }
}
